
Microsoft Visual Studio Solution File, Format Version 12.00
# Visual Studio Version 17
VisualStudioVersion = 17.10.36602.27
MinimumVisualStudioVersion = 10.0.40219.1
Project("{FAE04EC0-301F-11D3-BF4B-00C04F79EFBC}") = "ConsoleApp1", "ConsoleApp1\ConsoleApp1.csproj", "{8BA57592-F765-45F5-A6BC-971EF8F7593F}"
EndProject
Project("{FAE04EC0-301F-11D3-BF4B-00C04F79EFBC}") = "ConsoleApp2", "ConsoleApp2\ConsoleApp2.csproj", "{D02EB025-25FB-4E83-8F18-9EA61F4BC339}"
EndProject
Project("{FAE04EC0-301F-11D3-BF4B-00C04F79EFBC}") = "ConsoleApp3", "ConsoleApp3\ConsoleApp3.csproj", "{6093F595-2EA3-4A9D-9C92-97FBA486F1F3}"
EndProject
Project("{FAE04EC0-301F-11D3-BF4B-00C04F79EFBC}") = "ConsoleApp4", "ConsoleApp4\ConsoleApp4.csproj", "{B36027EB-08E2-4C78-B81D-4BE29305C696}"
EndProject
Global
	GlobalSection(SolutionConfigurationPlatforms) = preSolution
		Debug|Any CPU = Debug|Any CPU
		Release|Any CPU = Release|Any CPU
	EndGlobalSection
	GlobalSection(ProjectConfigurationPlatforms) = postSolution
		{8BA57592-F765-45F5-A6BC-971EF8F7593F}.Debug|Any CPU.ActiveCfg = Debug|Any CPU
		{8BA57592-F765-45F5-A6BC-971EF8F7593F}.Debug|Any CPU.Build.0 = Debug|Any CPU
		{8BA57592-F765-45F5-A6BC-971EF8F7593F}.Release|Any CPU.ActiveCfg = Release|Any CPU
		{8BA57592-F765-45F5-A6BC-971EF8F7593F}.Release|Any CPU.Build.0 = Release|Any CPU
		{D02EB025-25FB-4E83-8F18-9EA61F4BC339}.Debug|Any CPU.ActiveCfg = Debug|Any CPU
		{D02EB025-25FB-4E83-8F18-9EA61F4BC339}.Debug|Any CPU.Build.0 = Debug|Any CPU
		{D02EB025-25FB-4E83-8F18-9EA61F4BC339}.Release|Any CPU.ActiveCfg = Release|Any CPU
		{D02EB025-25FB-4E83-8F18-9EA61F4BC339}.Release|Any CPU.Build.0 = Release|Any CPU
		{6093F595-2EA3-4A9D-9C92-97FBA486F1F3}.Debug|Any CPU.ActiveCfg = Debug|Any CPU
		{6093F595-2EA3-4A9D-9C92-97FBA486F1F3}.Debug|Any CPU.Build.0 = Debug|Any CPU
		{6093F595-2EA3-4A9D-9C92-97FBA486F1F3}.Release|Any CPU.ActiveCfg = Release|Any CPU
		{6093F595-2EA3-4A9D-9C92-97FBA486F1F3}.Release|Any CPU.Build.0 = Release|Any CPU
		{B36027EB-08E2-4C78-B81D-4BE29305C696}.Debug|Any CPU.ActiveCfg = Debug|Any CPU
		{B36027EB-08E2-4C78-B81D-4BE29305C696}.Debug|Any CPU.Build.0 = Debug|Any CPU
		{B36027EB-08E2-4C78-B81D-4BE29305C696}.Release|Any CPU.ActiveCfg = Release|Any CPU
		{B36027EB-08E2-4C78-B81D-4BE29305C696}.Release|Any CPU.Build.0 = Release|Any CPU
	EndGlobalSection
	GlobalSection(SolutionProperties) = preSolution
		HideSolutionNode = FALSE
	EndGlobalSection
	GlobalSection(ExtensibilityGlobals) = postSolution
		SolutionGuid = {F82C14CC-D0B5-4CA1-A440-D183D571016D}
	EndGlobalSection
EndGlobal
